
Microsoft Visual Studio Solution File, Format Version 12.00
# Visual Studio Version 17
VisualStudioVersion = 17.14.36518.9 d17.14
MinimumVisualStudioVersion = 10.0.40219.1
Project("{54A90642-561A-4BB1-A94E-469ADEE60C69}") = "cmangos-cms-api.client", "cmangos-cms-api.client\cmangos-cms-api.client.esproj", "{2D42E5D8-114A-6CD2-00A1-6B8E664B3252}"
EndProject
Project("{FAE04EC0-301F-11D3-BF4B-00C04F79EFBC}") = "CMAnGOS-CMS-API.Server", "CMAnGOS-CMS-API.Server\CMAnGOS-CMS-API.Server.csproj", "{67D23F07-A7F6-4F56-BD83-591D899BB0D9}"
EndProject
Global
	GlobalSection(SolutionConfigurationPlatforms) = preSolution
		Debug|Any CPU = Debug|Any CPU
		Release|Any CPU = Release|Any CPU
	EndGlobalSection
	GlobalSection(ProjectConfigurationPlatforms) = postSolution
		{2D42E5D8-114A-6CD2-00A1-6B8E664B3252}.Debug|Any CPU.ActiveCfg = Debug|Any CPU
		{2D42E5D8-114A-6CD2-00A1-6B8E664B3252}.Debug|Any CPU.Build.0 = Debug|Any CPU
		{2D42E5D8-114A-6CD2-00A1-6B8E664B3252}.Debug|Any CPU.Deploy.0 = Debug|Any CPU
		{2D42E5D8-114A-6CD2-00A1-6B8E664B3252}.Release|Any CPU.ActiveCfg = Release|Any CPU
		{2D42E5D8-114A-6CD2-00A1-6B8E664B3252}.Release|Any CPU.Build.0 = Release|Any CPU
		{2D42E5D8-114A-6CD2-00A1-6B8E664B3252}.Release|Any CPU.Deploy.0 = Release|Any CPU
		{67D23F07-A7F6-4F56-BD83-591D899BB0D9}.Debug|Any CPU.ActiveCfg = Debug|Any CPU
		{67D23F07-A7F6-4F56-BD83-591D899BB0D9}.Debug|Any CPU.Build.0 = Debug|Any CPU
		{67D23F07-A7F6-4F56-BD83-591D899BB0D9}.Release|Any CPU.ActiveCfg = Release|Any CPU
		{67D23F07-A7F6-4F56-BD83-591D899BB0D9}.Release|Any CPU.Build.0 = Release|Any CPU
	EndGlobalSection
	GlobalSection(SolutionProperties) = preSolution
		HideSolutionNode = FALSE
	EndGlobalSection
	GlobalSection(ExtensibilityGlobals) = postSolution
		SolutionGuid = {ECBCF0A5-26D4-4377-B980-FD6A586BE0BF}
	EndGlobalSection
EndGlobal
